
Microsoft Visual Studio Solution File, Format Version 12.00
Project("{FAE04EC0-301F-11D3-BF4B-00C04F79EFBC}") = "Domain", "Domain\Domain.csproj", "{46C28AE5-D5F5-4325-A92C-5F9328D75253}"
EndProject
Project("{FAE04EC0-301F-11D3-BF4B-00C04F79EFBC}") = "Application", "Application\Application.csproj", "{54ABC823-DDE0-4E46-9D26-A89E33C38B41}"
EndProject
Project("{FAE04EC0-301F-11D3-BF4B-00C04F79EFBC}") = "DbConnection", "DbConnection\DbConnection.csproj", "{AD476A99-49E9-4910-BFBF-0F980090E96E}"
EndProject
Project("{FAE04EC0-301F-11D3-BF4B-00C04F79EFBC}") = "HttpClients", "HttpClients\HttpClients.csproj", "{E1AC1284-1DAD-40D8-B5E5-D5432AC1DE6E}"
EndProject
Project("{FAE04EC0-301F-11D3-BF4B-00C04F79EFBC}") = "Shared", "Shared\Shared.csproj", "{BD947B88-33AB-4B5A-8201-16D9C1487F87}"
EndProject
Project("{FAE04EC0-301F-11D3-BF4B-00C04F79EFBC}") = "WebAPI", "WebAPI\WebAPI.csproj", "{ED40C19D-4984-412B-8D5F-220B8E5E1577}"
EndProject
Project("{FAE04EC0-301F-11D3-BF4B-00C04F79EFBC}") = "BlazorApp", "BlazorApp\BlazorApp.csproj", "{5EA27441-4CA8-43FC-A74C-B9F7F5CD2292}"
EndProject
Project("{2150E333-8FDC-42A3-9474-1A3956D46DE8}") = "Tier1", "Tier1", "{7FD2A8CF-E3CA-4EFC-B460-7F7BC72B4AF5}"
EndProject
Project("{2150E333-8FDC-42A3-9474-1A3956D46DE8}") = "Tier2", "Tier2", "{2352B56A-30AF-4416-9B4C-AFF34F3928A0}"
EndProject
Global
	GlobalSection(SolutionConfigurationPlatforms) = preSolution
		Debug|Any CPU = Debug|Any CPU
		Release|Any CPU = Release|Any CPU
	EndGlobalSection
	GlobalSection(ProjectConfigurationPlatforms) = postSolution
		{46C28AE5-D5F5-4325-A92C-5F9328D75253}.Debug|Any CPU.ActiveCfg = Debug|Any CPU
		{46C28AE5-D5F5-4325-A92C-5F9328D75253}.Debug|Any CPU.Build.0 = Debug|Any CPU
		{46C28AE5-D5F5-4325-A92C-5F9328D75253}.Release|Any CPU.ActiveCfg = Release|Any CPU
		{46C28AE5-D5F5-4325-A92C-5F9328D75253}.Release|Any CPU.Build.0 = Release|Any CPU
		{54ABC823-DDE0-4E46-9D26-A89E33C38B41}.Debug|Any CPU.ActiveCfg = Debug|Any CPU
		{54ABC823-DDE0-4E46-9D26-A89E33C38B41}.Debug|Any CPU.Build.0 = Debug|Any CPU
		{54ABC823-DDE0-4E46-9D26-A89E33C38B41}.Release|Any CPU.ActiveCfg = Release|Any CPU
		{54ABC823-DDE0-4E46-9D26-A89E33C38B41}.Release|Any CPU.Build.0 = Release|Any CPU
		{AD476A99-49E9-4910-BFBF-0F980090E96E}.Debug|Any CPU.ActiveCfg = Debug|Any CPU
		{AD476A99-49E9-4910-BFBF-0F980090E96E}.Debug|Any CPU.Build.0 = Debug|Any CPU
		{AD476A99-49E9-4910-BFBF-0F980090E96E}.Release|Any CPU.ActiveCfg = Release|Any CPU
		{AD476A99-49E9-4910-BFBF-0F980090E96E}.Release|Any CPU.Build.0 = Release|Any CPU
		{E1AC1284-1DAD-40D8-B5E5-D5432AC1DE6E}.Debug|Any CPU.ActiveCfg = Debug|Any CPU
		{E1AC1284-1DAD-40D8-B5E5-D5432AC1DE6E}.Debug|Any CPU.Build.0 = Debug|Any CPU
		{E1AC1284-1DAD-40D8-B5E5-D5432AC1DE6E}.Release|Any CPU.ActiveCfg = Release|Any CPU
		{E1AC1284-1DAD-40D8-B5E5-D5432AC1DE6E}.Release|Any CPU.Build.0 = Release|Any CPU
		{BD947B88-33AB-4B5A-8201-16D9C1487F87}.Debug|Any CPU.ActiveCfg = Debug|Any CPU
		{BD947B88-33AB-4B5A-8201-16D9C1487F87}.Debug|Any CPU.Build.0 = Debug|Any CPU
		{BD947B88-33AB-4B5A-8201-16D9C1487F87}.Release|Any CPU.ActiveCfg = Release|Any CPU
		{BD947B88-33AB-4B5A-8201-16D9C1487F87}.Release|Any CPU.Build.0 = Release|Any CPU
		{ED40C19D-4984-412B-8D5F-220B8E5E1577}.Debug|Any CPU.ActiveCfg = Debug|Any CPU
		{ED40C19D-4984-412B-8D5F-220B8E5E1577}.Debug|Any CPU.Build.0 = Debug|Any CPU
		{ED40C19D-4984-412B-8D5F-220B8E5E1577}.Release|Any CPU.ActiveCfg = Release|Any CPU
		{ED40C19D-4984-412B-8D5F-220B8E5E1577}.Release|Any CPU.Build.0 = Release|Any CPU
		{5EA27441-4CA8-43FC-A74C-B9F7F5CD2292}.Debug|Any CPU.ActiveCfg = Debug|Any CPU
		{5EA27441-4CA8-43FC-A74C-B9F7F5CD2292}.Debug|Any CPU.Build.0 = Debug|Any CPU
		{5EA27441-4CA8-43FC-A74C-B9F7F5CD2292}.Release|Any CPU.ActiveCfg = Release|Any CPU
		{5EA27441-4CA8-43FC-A74C-B9F7F5CD2292}.Release|Any CPU.Build.0 = Release|Any CPU
	EndGlobalSection
	GlobalSection(NestedProjects) = preSolution
		{5EA27441-4CA8-43FC-A74C-B9F7F5CD2292} = {7FD2A8CF-E3CA-4EFC-B460-7F7BC72B4AF5}
		{E1AC1284-1DAD-40D8-B5E5-D5432AC1DE6E} = {7FD2A8CF-E3CA-4EFC-B460-7F7BC72B4AF5}
		{AD476A99-49E9-4910-BFBF-0F980090E96E} = {2352B56A-30AF-4416-9B4C-AFF34F3928A0}
		{54ABC823-DDE0-4E46-9D26-A89E33C38B41} = {2352B56A-30AF-4416-9B4C-AFF34F3928A0}
		{BD947B88-33AB-4B5A-8201-16D9C1487F87} = {2352B56A-30AF-4416-9B4C-AFF34F3928A0}
		{ED40C19D-4984-412B-8D5F-220B8E5E1577} = {2352B56A-30AF-4416-9B4C-AFF34F3928A0}
	EndGlobalSection
EndGlobal
